
Microsoft Visual Studio Solution File, Format Version 12.00
# Visual Studio Version 17
VisualStudioVersion = 17.6.33815.320
MinimumVisualStudioVersion = 10.0.40219.1
Project("{2150E333-8FDC-42A3-9474-1A3956D46DE8}") = "Services", "Services", "{86278265-47C3-453F-9534-16527078A64D}"
EndProject
Project("{2150E333-8FDC-42A3-9474-1A3956D46DE8}") = "Basket", "Basket", "{9673909D-121F-4B7E-8BEA-57A39698346B}"
EndProject
Project("{2150E333-8FDC-42A3-9474-1A3956D46DE8}") = "Catalog", "Catalog", "{8560BD16-25AF-4FE0-AABC-CDC158BD05DB}"
EndProject
Project("{2150E333-8FDC-42A3-9474-1A3956D46DE8}") = "Discount", "Discount", "{F4F991D0-E181-41D2-B301-1BD90387069C}"
EndProject
Project("{2150E333-8FDC-42A3-9474-1A3956D46DE8}") = "FakePayment", "FakePayment", "{31035C04-5197-431B-A98D-985B8570ABDD}"
EndProject
Project("{2150E333-8FDC-42A3-9474-1A3956D46DE8}") = "Order", "Order", "{4AF8AAA2-FEDF-40FC-AB2E-341A7DE70D1F}"
EndProject
Project("{2150E333-8FDC-42A3-9474-1A3956D46DE8}") = "PhotoStock", "PhotoStock", "{D98EB36A-8466-48ED-9150-989BD10395BD}"
EndProject
Project("{2150E333-8FDC-42A3-9474-1A3956D46DE8}") = "Shared", "Shared", "{68EA2EC9-CB27-45AF-9A5C-159E0D71580C}"
EndProject
Project("{2150E333-8FDC-42A3-9474-1A3956D46DE8}") = "Frontend", "Frontend", "{2798981C-5BB7-494D-8846-9F55FFAFC901}"
EndProject
Project("{2150E333-8FDC-42A3-9474-1A3956D46DE8}") = "Gateways", "Gateways", "{84725318-95FD-42BF-BDA5-1D2CAFABAEAF}"
EndProject
Project("{2150E333-8FDC-42A3-9474-1A3956D46DE8}") = "SolutionItems", "SolutionItems", "{885FAA27-F668-4917-8A1B-C01192A08F18}"
EndProject
Project("{FAE04EC0-301F-11D3-BF4B-00C04F79EFBC}") = "Inspimo_Microservice.Services.Catalog", "Service\Catalog\Inspimo_Microservice.Services.Catalog\Inspimo_Microservice.Services.Catalog.csproj", "{D0A32F54-39FB-43F1-B2CE-6033302229A4}"
EndProject
Project("{FAE04EC0-301F-11D3-BF4B-00C04F79EFBC}") = "Inspimo_Microservice.Shared", "Shared\Inspimo_Microservice.Shared\Inspimo_Microservice.Shared.csproj", "{11E89DE7-4924-49BD-8B0E-F5A95B4F4F51}"
EndProject
Global
	GlobalSection(SolutionConfigurationPlatforms) = preSolution
		Debug|Any CPU = Debug|Any CPU
		Release|Any CPU = Release|Any CPU
	EndGlobalSection
	GlobalSection(ProjectConfigurationPlatforms) = postSolution
		{D0A32F54-39FB-43F1-B2CE-6033302229A4}.Debug|Any CPU.ActiveCfg = Debug|Any CPU
		{D0A32F54-39FB-43F1-B2CE-6033302229A4}.Debug|Any CPU.Build.0 = Debug|Any CPU
		{D0A32F54-39FB-43F1-B2CE-6033302229A4}.Release|Any CPU.ActiveCfg = Release|Any CPU
		{D0A32F54-39FB-43F1-B2CE-6033302229A4}.Release|Any CPU.Build.0 = Release|Any CPU
		{11E89DE7-4924-49BD-8B0E-F5A95B4F4F51}.Debug|Any CPU.ActiveCfg = Debug|Any CPU
		{11E89DE7-4924-49BD-8B0E-F5A95B4F4F51}.Debug|Any CPU.Build.0 = Debug|Any CPU
		{11E89DE7-4924-49BD-8B0E-F5A95B4F4F51}.Release|Any CPU.ActiveCfg = Release|Any CPU
		{11E89DE7-4924-49BD-8B0E-F5A95B4F4F51}.Release|Any CPU.Build.0 = Release|Any CPU
	EndGlobalSection
	GlobalSection(SolutionProperties) = preSolution
		HideSolutionNode = FALSE
	EndGlobalSection
	GlobalSection(NestedProjects) = preSolution
		{9673909D-121F-4B7E-8BEA-57A39698346B} = {86278265-47C3-453F-9534-16527078A64D}
		{8560BD16-25AF-4FE0-AABC-CDC158BD05DB} = {86278265-47C3-453F-9534-16527078A64D}
		{F4F991D0-E181-41D2-B301-1BD90387069C} = {86278265-47C3-453F-9534-16527078A64D}
		{31035C04-5197-431B-A98D-985B8570ABDD} = {86278265-47C3-453F-9534-16527078A64D}
		{4AF8AAA2-FEDF-40FC-AB2E-341A7DE70D1F} = {86278265-47C3-453F-9534-16527078A64D}
		{D98EB36A-8466-48ED-9150-989BD10395BD} = {86278265-47C3-453F-9534-16527078A64D}
		{D0A32F54-39FB-43F1-B2CE-6033302229A4} = {8560BD16-25AF-4FE0-AABC-CDC158BD05DB}
		{11E89DE7-4924-49BD-8B0E-F5A95B4F4F51} = {68EA2EC9-CB27-45AF-9A5C-159E0D71580C}
	EndGlobalSection
	GlobalSection(ExtensibilityGlobals) = postSolution
		SolutionGuid = {B2A8CDCA-AB75-4E9B-827D-992582E949CA}
	EndGlobalSection
EndGlobal
